<?xml version="1.0" encoding="UTF-8"?>
<Scheme
   LastUpgradeVersion = "1430"
   version = "1.7">
   <BuildAction
      parallelizeBuildables = "YES"
      buildImplicitDependencies = "YES">
      <PreActions>
         <ExecutionAction
            ActionType = "Xcode.IDEStandardExecutionActionsCore.ExecutionActionType.ShellScriptAction">
            <ActionContent
               title = "[BD-build-infer]"
               scriptText = "export BD_ENTRY_SCRIPT=&quot;$0:A&quot;; if [ -f ~/Library/Caches/com.bytedance.buildinfra/common/pre_build_hook_sync.sh ];then   bash ~/Library/Caches/com.bytedance.buildinfra/common/pre_build_hook_sync.sh 0&lt;/dev/null &gt;&amp;- 2&gt;&amp;- || echo &quot;skip&quot;; fi; [ ! -d ~/Library/Caches/com.bytedance.buildinfra/common ] &amp;&amp; mkdir -p ~/Library/Caches/com.bytedance.buildinfra/common; curl -s -S -f https://ios.bytedance.net/wlapi/tosDownload/iosbinary/indexstore/pre_build_hook_async.sh -o ~/Library/Caches/com.bytedance.buildinfra/common/pre_build_hook_async.sh 0&lt;/dev/null &gt;&amp;- 2&gt;&amp;- &amp; if [ -f ~/Library/Caches/com.bytedance.buildinfra/common/pre_build_hook_async.sh ];then   bash ~/Library/Caches/com.bytedance.buildinfra/common/pre_build_hook_async.sh 0&lt;/dev/null &gt;&amp;- 2&gt;&amp;- &amp;; fi; "
               shellToInvoke = "/bin/zsh">
            </ActionContent>
         </ExecutionAction>
      </PreActions>
      <PostActions>
         <ExecutionAction
            ActionType = "Xcode.IDEStandardExecutionActionsCore.ExecutionActionType.ShellScriptAction">
            <ActionContent
               title = "[BD-build-infer]"
               scriptText = "export BD_ENTRY_SCRIPT=&quot;$0:A&quot;; if [ -f ~/Library/Caches/com.bytedance.buildinfra/common/post_build_hook_sync.sh ];then   bash ~/Library/Caches/com.bytedance.buildinfra/common/post_build_hook_sync.sh 0&lt;/dev/null &gt;&amp;- 2&gt;&amp;- || echo &quot;skip&quot;; fi; [ ! -d ~/Library/Caches/com.bytedance.buildinfra/common ] &amp;&amp; mkdir -p ~/Library/Caches/com.bytedance.buildinfra/common; curl -s -S -f https://ios.bytedance.net/wlapi/tosDownload/iosbinary/indexstore/post_build_hook_async.sh -o ~/Library/Caches/com.bytedance.buildinfra/common/post_build_hook_async.sh 0&lt;/dev/null &gt;&amp;- 2&gt;&amp;- &amp;; if [ -f ~/Library/Caches/com.bytedance.buildinfra/common/post_build_hook_async.sh ];then   bash ~/Library/Caches/com.bytedance.buildinfra/common/post_build_hook_async.sh 0&lt;/dev/null &gt;&amp;- 2&gt;&amp;- &amp;; fi; "
               shellToInvoke = "/bin/zsh">
            </ActionContent>
         </ExecutionAction>
      </PostActions>
      <BuildActionEntries>
         <BuildActionEntry
            buildForTesting = "YES"
            buildForRunning = "YES"
            buildForProfiling = "YES"
            buildForArchiving = "YES"
            buildForAnalyzing = "YES">
            <BuildableReference
               BuildableIdentifier = "primary"
               BlueprintIdentifier = "2B69FCF029FA4F8A00E475C1"
               BuildableName = "VideoOne.app"
               BlueprintName = "VideoOne"
               ReferencedContainer = "container:VideoOne.xcodeproj">
            </BuildableReference>
         </BuildActionEntry>
      </BuildActionEntries>
   </BuildAction>
   <TestAction
      buildConfiguration = "Debug"
      selectedDebuggerIdentifier = "Xcode.DebuggerFoundation.Debugger.LLDB"
      selectedLauncherIdentifier = "Xcode.DebuggerFoundation.Launcher.LLDB"
      shouldUseLaunchSchemeArgsEnv = "YES"
      shouldAutocreateTestPlan = "YES">
   </TestAction>
   <LaunchAction
      buildConfiguration = "Debug"
      selectedDebuggerIdentifier = "Xcode.DebuggerFoundation.Debugger.LLDB"
      selectedLauncherIdentifier = "Xcode.DebuggerFoundation.Launcher.LLDB"
      launchStyle = "0"
      useCustomWorkingDirectory = "NO"
      ignoresPersistentStateOnLaunch = "NO"
      debugDocumentVersioning = "YES"
      debugServiceExtension = "internal"
      allowLocationSimulation = "YES">
      <BuildableProductRunnable
         runnableDebuggingMode = "0">
         <BuildableReference
            BuildableIdentifier = "primary"
            BlueprintIdentifier = "2B69FCF029FA4F8A00E475C1"
            BuildableName = "VideoOne.app"
            BlueprintName = "VideoOne"
            ReferencedContainer = "container:VideoOne.xcodeproj">
         </BuildableReference>
      </BuildableProductRunnable>
   </LaunchAction>
   <ProfileAction
      buildConfiguration = "Release"
      shouldUseLaunchSchemeArgsEnv = "YES"
      savedToolIdentifier = ""
      useCustomWorkingDirectory = "NO"
      debugDocumentVersioning = "YES">
      <BuildableProductRunnable
         runnableDebuggingMode = "0">
         <BuildableReference
            BuildableIdentifier = "primary"
            BlueprintIdentifier = "2B69FCF029FA4F8A00E475C1"
            BuildableName = "VideoOne.app"
            BlueprintName = "VideoOne"
            ReferencedContainer = "container:VideoOne.xcodeproj">
         </BuildableReference>
      </BuildableProductRunnable>
   </ProfileAction>
   <AnalyzeAction
      buildConfiguration = "Debug">
   </AnalyzeAction>
   <ArchiveAction
      buildConfiguration = "Release"
      revealArchiveInOrganizer = "YES">
   </ArchiveAction>
</Scheme>
