// !$*UTF8*$!
{
	archiveVersion = 1;
	classes = {
	};
	objectVersion = 56;
	objects = {

/* Begin PBXBuildFile section */
		2B291A0429FA5C1C00BA3EC4 /* InfoPlist.strings in Resources */ = {isa = PBXBuildFile; fileRef = 2B291A0629FA5C1C00BA3EC4 /* InfoPlist.strings */; };
		2B69FD0129FA4F8C00E475C1 /* Assets.xcassets in Resources */ = {isa = PBXBuildFile; fileRef = 2B69FD0029FA4F8C00E475C1 /* Assets.xcassets */; };
		2B69FD0429FA4F8C00E475C1 /* LaunchScreen.storyboard in Resources */ = {isa = PBXBuildFile; fileRef = 2B69FD0229FA4F8C00E475C1 /* LaunchScreen.storyboard */; };
		2B69FD0729FA4F8C00E475C1 /* main.m in Sources */ = {isa = PBXBuildFile; fileRef = 2B69FD0629FA4F8C00E475C1 /* main.m */; };
		579BCE29837EBCFF26C2D0EB /* libPods-VideoOne.a in Frameworks */ = {isa = PBXBuildFile; fileRef = ECB38EC82C014CFE7B704009 /* libPods-VideoOne.a */; };
/* End PBXBuildFile section */

/* Begin PBXFileReference section */
		116BCB74EB021545AAFFFD76 /* Pods-VideoOne.inhouse.xcconfig */ = {isa = PBXFileReference; includeInIndex = 1; lastKnownFileType = text.xcconfig; name = "Pods-VideoOne.inhouse.xcconfig"; path = "Target Support Files/Pods-VideoOne/Pods-VideoOne.inhouse.xcconfig"; sourceTree = "<group>"; };
		21E5C68B9288587D63B5AF7E /* Pods-VideoOne.debug.xcconfig */ = {isa = PBXFileReference; includeInIndex = 1; lastKnownFileType = text.xcconfig; name = "Pods-VideoOne.debug.xcconfig"; path = "Target Support Files/Pods-VideoOne/Pods-VideoOne.debug.xcconfig"; sourceTree = "<group>"; };
		2B165F012A72554D006D49E1 /* VideoOne-Debug.xcconfig */ = {isa = PBXFileReference; lastKnownFileType = text.xcconfig; path = "VideoOne-Debug.xcconfig"; sourceTree = "<group>"; };
		2B2919F929FA5A2100BA3EC4 /* zh-Hans */ = {isa = PBXFileReference; lastKnownFileType = text.plist.strings; name = "zh-Hans"; path = "zh-Hans.lproj/LaunchScreen.strings"; sourceTree = "<group>"; };
		2B2919FA29FA5A9200BA3EC4 /* en */ = {isa = PBXFileReference; lastKnownFileType = text.plist.strings; name = en; path = en.lproj/LaunchScreen.strings; sourceTree = "<group>"; };
		2B291A0029FA5B9E00BA3EC4 /* Info.plist */ = {isa = PBXFileReference; fileEncoding = 4; lastKnownFileType = text.plist.xml; path = Info.plist; sourceTree = "<group>"; };
		2B291A0529FA5C1C00BA3EC4 /* zh-Hans */ = {isa = PBXFileReference; lastKnownFileType = text.plist.strings; name = "zh-Hans"; path = "zh-Hans.lproj/InfoPlist.strings"; sourceTree = "<group>"; };
		2B291A0729FA5C2100BA3EC4 /* en */ = {isa = PBXFileReference; lastKnownFileType = text.plist.strings; name = en; path = en.lproj/InfoPlist.strings; sourceTree = "<group>"; };
		2B69FCF129FA4F8A00E475C1 /* VideoOne.app */ = {isa = PBXFileReference; explicitFileType = wrapper.application; includeInIndex = 0; path = VideoOne.app; sourceTree = BUILT_PRODUCTS_DIR; };
		2B69FD0029FA4F8C00E475C1 /* Assets.xcassets */ = {isa = PBXFileReference; lastKnownFileType = folder.assetcatalog; path = Assets.xcassets; sourceTree = "<group>"; };
		2B69FD0329FA4F8C00E475C1 /* Base */ = {isa = PBXFileReference; lastKnownFileType = file.storyboard; name = Base; path = Base.lproj/LaunchScreen.storyboard; sourceTree = "<group>"; };
		2B69FD0629FA4F8C00E475C1 /* main.m */ = {isa = PBXFileReference; lastKnownFileType = sourcecode.c.objc; path = main.m; sourceTree = "<group>"; };
		2B8748B02A4C3D6B0039A1B0 /* VideoOne-InHouse.xcconfig */ = {isa = PBXFileReference; lastKnownFileType = text.xcconfig; path = "VideoOne-InHouse.xcconfig"; sourceTree = "<group>"; };
		B760A432774BEA19A6D54419 /* Pods-VideoOne.release.xcconfig */ = {isa = PBXFileReference; includeInIndex = 1; lastKnownFileType = text.xcconfig; name = "Pods-VideoOne.release.xcconfig"; path = "Target Support Files/Pods-VideoOne/Pods-VideoOne.release.xcconfig"; sourceTree = "<group>"; };
		ECB38EC82C014CFE7B704009 /* libPods-VideoOne.a */ = {isa = PBXFileReference; explicitFileType = archive.ar; includeInIndex = 0; path = "libPods-VideoOne.a"; sourceTree = BUILT_PRODUCTS_DIR; };
/* End PBXFileReference section */

/* Begin PBXFrameworksBuildPhase section */
		2B69FCEE29FA4F8A00E475C1 /* Frameworks */ = {
			isa = PBXFrameworksBuildPhase;
			buildActionMask = 2147483647;
			files = (
				579BCE29837EBCFF26C2D0EB /* libPods-VideoOne.a in Frameworks */,
			);
			runOnlyForDeploymentPostprocessing = 0;
		};
/* End PBXFrameworksBuildPhase section */

/* Begin PBXGroup section */
		2B69FCE829FA4F8A00E475C1 = {
			isa = PBXGroup;
			children = (
				2B165F012A72554D006D49E1 /* VideoOne-Debug.xcconfig */,
				2B8748B02A4C3D6B0039A1B0 /* VideoOne-InHouse.xcconfig */,
				2B69FCF329FA4F8A00E475C1 /* VideoOne */,
				2B69FCF229FA4F8A00E475C1 /* Products */,
				63B486EC11AEEE50A5F3CF32 /* Pods */,
				CCDAC9626A8C3A68697F77D4 /* Frameworks */,
			);
			sourceTree = "<group>";
		};
		2B69FCF229FA4F8A00E475C1 /* Products */ = {
			isa = PBXGroup;
			children = (
				2B69FCF129FA4F8A00E475C1 /* VideoOne.app */,
			);
			name = Products;
			sourceTree = "<group>";
		};
		2B69FCF329FA4F8A00E475C1 /* VideoOne */ = {
			isa = PBXGroup;
			children = (
				2B69FD0029FA4F8C00E475C1 /* Assets.xcassets */,
				2B69FD0229FA4F8C00E475C1 /* LaunchScreen.storyboard */,
				2B69FD0629FA4F8C00E475C1 /* main.m */,
				2B291A0029FA5B9E00BA3EC4 /* Info.plist */,
				2B291A0629FA5C1C00BA3EC4 /* InfoPlist.strings */,
			);
			path = VideoOne;
			sourceTree = "<group>";
		};
		63B486EC11AEEE50A5F3CF32 /* Pods */ = {
			isa = PBXGroup;
			children = (
				21E5C68B9288587D63B5AF7E /* Pods-VideoOne.debug.xcconfig */,
				B760A432774BEA19A6D54419 /* Pods-VideoOne.release.xcconfig */,
				116BCB74EB021545AAFFFD76 /* Pods-VideoOne.inhouse.xcconfig */,
			);
			path = Pods;
			sourceTree = "<group>";
		};
		CCDAC9626A8C3A68697F77D4 /* Frameworks */ = {
			isa = PBXGroup;
			children = (
				ECB38EC82C014CFE7B704009 /* libPods-VideoOne.a */,
			);
			name = Frameworks;
			sourceTree = "<group>";
		};
/* End PBXGroup section */

/* Begin PBXNativeTarget section */
		2B69FCF029FA4F8A00E475C1 /* VideoOne */ = {
			isa = PBXNativeTarget;
			buildConfigurationList = 2B69FD0A29FA4F8C00E475C1 /* Build configuration list for PBXNativeTarget "VideoOne" */;
			buildPhases = (
				FD4F6F83C17F94DDF2C8E0AA /* [CP] Check Pods Manifest.lock */,
				105A73ECF7FC4E2A44DE98AE /* [CP-User] Hummer-before-hooks */,
				2B69FCED29FA4F8A00E475C1 /* Sources */,
				2B69FCEE29FA4F8A00E475C1 /* Frameworks */,
				2B69FCEF29FA4F8A00E475C1 /* Resources */,
				59BACE2464D16F1530C794D7 /* [CP] Embed Pods Frameworks */,
				69C140736EA59B6E751ED71E /* [CP] Copy Pods Resources */,
				982AFC5AEA37F8B4BE8EC38E /* [CP-User] Hummer-after-hooks */,
			);
			buildRules = (
			);
			dependencies = (
			);
			name = VideoOne;
			productName = VideoOne;
			productReference = 2B69FCF129FA4F8A00E475C1 /* VideoOne.app */;
			productType = "com.apple.product-type.application";
		};
/* End PBXNativeTarget section */

/* Begin PBXProject section */
		2B69FCE929FA4F8A00E475C1 /* Project object */ = {
			isa = PBXProject;
			attributes = {
				BuildIndependentTargetsInParallel = 1;
				LastUpgradeCheck = 1430;
				TargetAttributes = {
					2B69FCF029FA4F8A00E475C1 = {
						CreatedOnToolsVersion = 14.3;
					};
				};
			};
			buildConfigurationList = 2B69FCEC29FA4F8A00E475C1 /* Build configuration list for PBXProject "VideoOne" */;
			compatibilityVersion = "Xcode 14.0";
			developmentRegion = "zh-Hans";
			hasScannedForEncodings = 0;
			knownRegions = (
				Base,
				"zh-Hans",
				en,
			);
			mainGroup = 2B69FCE829FA4F8A00E475C1;
			productRefGroup = 2B69FCF229FA4F8A00E475C1 /* Products */;
			projectDirPath = "";
			projectRoot = "";
			targets = (
				2B69FCF029FA4F8A00E475C1 /* VideoOne */,
			);
		};
/* End PBXProject section */

/* Begin PBXResourcesBuildPhase section */
		2B69FCEF29FA4F8A00E475C1 /* Resources */ = {
			isa = PBXResourcesBuildPhase;
			buildActionMask = 2147483647;
			files = (
				2B69FD0429FA4F8C00E475C1 /* LaunchScreen.storyboard in Resources */,
				2B291A0429FA5C1C00BA3EC4 /* InfoPlist.strings in Resources */,
				2B69FD0129FA4F8C00E475C1 /* Assets.xcassets in Resources */,
			);
			runOnlyForDeploymentPostprocessing = 0;
		};
/* End PBXResourcesBuildPhase section */

/* Begin PBXShellScriptBuildPhase section */
		105A73ECF7FC4E2A44DE98AE /* [CP-User] Hummer-before-hooks */ = {
			isa = PBXShellScriptBuildPhase;
			buildActionMask = 2147483647;
			files = (
			);
			name = "[CP-User] Hummer-before-hooks";
			runOnlyForDeploymentPostprocessing = 0;
			shellPath = /bin/sh;
			shellScript = "if [ -f \"${PODS_ROOT}/hummer_before_hooks.sh\" ];then\n  bash \"${PODS_ROOT}/hummer_before_hooks.sh\"\nfi\n";
		};
		59BACE2464D16F1530C794D7 /* [CP] Embed Pods Frameworks */ = {
			isa = PBXShellScriptBuildPhase;
			buildActionMask = 2147483647;
			files = (
			);
			inputFileListPaths = (
			);
			name = "[CP] Embed Pods Frameworks";
			outputFileListPaths = (
			);
			runOnlyForDeploymentPostprocessing = 0;
			shellPath = /bin/sh;
			shellScript = "\"${PODS_ROOT}/Target Support Files/Pods-VideoOne/Pods-VideoOne-frameworks.sh\"\n";
			showEnvVarsInLog = 0;
		};
		69C140736EA59B6E751ED71E /* [CP] Copy Pods Resources */ = {
			isa = PBXShellScriptBuildPhase;
			buildActionMask = 2147483647;
			files = (
			);
			inputFileListPaths = (
			);
			name = "[CP] Copy Pods Resources";
			outputFileListPaths = (
			);
			runOnlyForDeploymentPostprocessing = 0;
			shellPath = /bin/sh;
			shellScript = "\"${PODS_ROOT}/Target Support Files/Pods-VideoOne/Pods-VideoOne-resources.sh\"\n";
			showEnvVarsInLog = 0;
		};
		982AFC5AEA37F8B4BE8EC38E /* [CP-User] Hummer-after-hooks */ = {
			isa = PBXShellScriptBuildPhase;
			buildActionMask = 2147483647;
			files = (
			);
			name = "[CP-User] Hummer-after-hooks";
			runOnlyForDeploymentPostprocessing = 0;
			shellPath = /bin/sh;
			shellScript = "if [ -f \"${PODS_ROOT}/hummer_after_hooks.sh\" ];then\n  bash \"${PODS_ROOT}/hummer_after_hooks.sh\"\nfi\n";
		};
		FD4F6F83C17F94DDF2C8E0AA /* [CP] Check Pods Manifest.lock */ = {
			isa = PBXShellScriptBuildPhase;
			buildActionMask = 2147483647;
			files = (
			);
			inputFileListPaths = (
			);
			inputPaths = (
				"${PODS_PODFILE_DIR_PATH}/Podfile.lock",
				"${PODS_ROOT}/Manifest.lock",
			);
			name = "[CP] Check Pods Manifest.lock";
			outputFileListPaths = (
			);
			outputPaths = (
				"$(DERIVED_FILE_DIR)/Pods-VideoOne-checkManifestLockResult.txt",
			);
			runOnlyForDeploymentPostprocessing = 0;
			shellPath = /bin/sh;
			shellScript = "diff \"${PODS_PODFILE_DIR_PATH}/Podfile.lock\" \"${PODS_ROOT}/Manifest.lock\" > /dev/null\nif [ $? != 0 ] ; then\n    # print error to STDERR\n    echo \"error: The sandbox is not in sync with the Podfile.lock. Run 'pod install' or update your CocoaPods installation.\" >&2\n    exit 1\nfi\n# This output is used by Xcode 'outputs' to avoid re-running this script phase.\necho \"SUCCESS\" > \"${SCRIPT_OUTPUT_FILE_0}\"\n";
			showEnvVarsInLog = 0;
		};
/* End PBXShellScriptBuildPhase section */

/* Begin PBXSourcesBuildPhase section */
		2B69FCED29FA4F8A00E475C1 /* Sources */ = {
			isa = PBXSourcesBuildPhase;
			buildActionMask = 2147483647;
			files = (
				2B69FD0729FA4F8C00E475C1 /* main.m in Sources */,
			);
			runOnlyForDeploymentPostprocessing = 0;
		};
/* End PBXSourcesBuildPhase section */

/* Begin PBXVariantGroup section */
		2B291A0629FA5C1C00BA3EC4 /* InfoPlist.strings */ = {
			isa = PBXVariantGroup;
			children = (
				2B291A0529FA5C1C00BA3EC4 /* zh-Hans */,
				2B291A0729FA5C2100BA3EC4 /* en */,
			);
			name = InfoPlist.strings;
			sourceTree = "<group>";
		};
		2B69FD0229FA4F8C00E475C1 /* LaunchScreen.storyboard */ = {
			isa = PBXVariantGroup;
			children = (
				2B69FD0329FA4F8C00E475C1 /* Base */,
				2B2919F929FA5A2100BA3EC4 /* zh-Hans */,
				2B2919FA29FA5A9200BA3EC4 /* en */,
			);
			name = LaunchScreen.storyboard;
			sourceTree = "<group>";
		};
/* End PBXVariantGroup section */

/* Begin XCBuildConfiguration section */
		2B5684DA2A08A9D300FC16E9 /* InHouse */ = {
			isa = XCBuildConfiguration;
			baseConfigurationReference = 2B8748B02A4C3D6B0039A1B0 /* VideoOne-InHouse.xcconfig */;
			buildSettings = {
				ALWAYS_SEARCH_USER_PATHS = NO;
				CLANG_ANALYZER_LOCALIZABILITY_NONLOCALIZED = YES;
				CLANG_ANALYZER_NONNULL = YES;
				CLANG_ANALYZER_NUMBER_OBJECT_CONVERSION = YES_AGGRESSIVE;
				CLANG_CXX_LANGUAGE_STANDARD = "gnu++20";
				CLANG_ENABLE_MODULES = YES;
				CLANG_ENABLE_OBJC_ARC = YES;
				CLANG_ENABLE_OBJC_WEAK = YES;
				CLANG_WARN_BLOCK_CAPTURE_AUTORELEASING = YES;
				CLANG_WARN_BOOL_CONVERSION = YES;
				CLANG_WARN_COMMA = YES;
				CLANG_WARN_CONSTANT_CONVERSION = YES;
				CLANG_WARN_DEPRECATED_OBJC_IMPLEMENTATIONS = YES;
				CLANG_WARN_DIRECT_OBJC_ISA_USAGE = YES_ERROR;
				CLANG_WARN_DOCUMENTATION_COMMENTS = YES;
				CLANG_WARN_EMPTY_BODY = YES;
				CLANG_WARN_ENUM_CONVERSION = YES;
				CLANG_WARN_INFINITE_RECURSION = YES;
				CLANG_WARN_INT_CONVERSION = YES;
				CLANG_WARN_NON_LITERAL_NULL_CONVERSION = YES;
				CLANG_WARN_OBJC_IMPLICIT_RETAIN_SELF = YES;
				CLANG_WARN_OBJC_LITERAL_CONVERSION = YES;
				CLANG_WARN_OBJC_ROOT_CLASS = YES_ERROR;
				CLANG_WARN_QUOTED_INCLUDE_IN_FRAMEWORK_HEADER = YES;
				CLANG_WARN_RANGE_LOOP_ANALYSIS = YES;
				CLANG_WARN_STRICT_PROTOTYPES = YES;
				CLANG_WARN_SUSPICIOUS_MOVE = YES;
				CLANG_WARN_UNGUARDED_AVAILABILITY = YES_AGGRESSIVE;
				CLANG_WARN_UNREACHABLE_CODE = YES;
				CLANG_WARN__DUPLICATE_METHOD_MATCH = YES;
				COPY_PHASE_STRIP = NO;
				DEBUG_INFORMATION_FORMAT = "dwarf-with-dsym";
				ENABLE_NS_ASSERTIONS = NO;
				ENABLE_STRICT_OBJC_MSGSEND = YES;
				GCC_C_LANGUAGE_STANDARD = gnu11;
				GCC_NO_COMMON_BLOCKS = YES;
				GCC_PREPROCESSOR_DEFINITIONS = "INHOUSE=1";
				GCC_WARN_64_TO_32_BIT_CONVERSION = YES;
				GCC_WARN_ABOUT_RETURN_TYPE = YES_ERROR;
				GCC_WARN_UNDECLARED_SELECTOR = YES;
				GCC_WARN_UNINITIALIZED_AUTOS = YES_AGGRESSIVE;
				GCC_WARN_UNUSED_FUNCTION = YES;
				GCC_WARN_UNUSED_VARIABLE = YES;
				IPHONEOS_DEPLOYMENT_TARGET = 11.0;
				MTL_ENABLE_DEBUG_INFO = NO;
				MTL_FAST_MATH = YES;
				SDKROOT = iphoneos;
				VALIDATE_PRODUCT = YES;
			};
			name = InHouse;
		};
		2B5684DB2A08A9D300FC16E9 /* InHouse */ = {
			isa = XCBuildConfiguration;
			baseConfigurationReference = 116BCB74EB021545AAFFFD76 /* Pods-VideoOne.inhouse.xcconfig */;
			buildSettings = {
				ASSETCATALOG_COMPILER_APPICON_NAME = AppIcon;
				ASSETCATALOG_COMPILER_GLOBAL_ACCENT_COLOR_NAME = AccentColor;
				"CODE_SIGN_IDENTITY[sdk=iphoneos*]" = "$(inherited)";
				CODE_SIGN_STYLE = Manual;
				CURRENT_PROJECT_VERSION = 1;
				"DEVELOPMENT_TEAM[sdk=iphoneos*]" = "$(inherited)";
				GENERATE_INFOPLIST_FILE = NO;
				INFOPLIST_FILE = VideoOne/Info.plist;
				IPHONEOS_DEPLOYMENT_TARGET = 14.0;
				LD_RUNPATH_SEARCH_PATHS = (
					"$(inherited)",
					"@executable_path/Frameworks",
				);
				MARKETING_VERSION = 1.0.0;
				PRODUCT_BUNDLE_IDENTIFIER = com.byteplus.videoone.inhouse;
				PRODUCT_NAME = "$(TARGET_NAME)";
				"PROVISIONING_PROFILE_SPECIFIER[sdk=iphoneos*]" = "$(inherited)";
				SWIFT_EMIT_LOC_STRINGS = YES;
				TARGETED_DEVICE_FAMILY = "1,2";
			};
			name = InHouse;
		};
		2B69FD0829FA4F8C00E475C1 /* Debug */ = {
			isa = XCBuildConfiguration;
			baseConfigurationReference = 2B165F012A72554D006D49E1 /* VideoOne-Debug.xcconfig */;
			buildSettings = {
				ALWAYS_SEARCH_USER_PATHS = NO;
				CLANG_ANALYZER_LOCALIZABILITY_NONLOCALIZED = YES;
				CLANG_ANALYZER_NONNULL = YES;
				CLANG_ANALYZER_NUMBER_OBJECT_CONVERSION = YES_AGGRESSIVE;
				CLANG_CXX_LANGUAGE_STANDARD = "gnu++20";
				CLANG_ENABLE_MODULES = YES;
				CLANG_ENABLE_OBJC_ARC = YES;
				CLANG_ENABLE_OBJC_WEAK = YES;
				CLANG_WARN_BLOCK_CAPTURE_AUTORELEASING = YES;
				CLANG_WARN_BOOL_CONVERSION = YES;
				CLANG_WARN_COMMA = YES;
				CLANG_WARN_CONSTANT_CONVERSION = YES;
				CLANG_WARN_DEPRECATED_OBJC_IMPLEMENTATIONS = YES;
				CLANG_WARN_DIRECT_OBJC_ISA_USAGE = YES_ERROR;
				CLANG_WARN_DOCUMENTATION_COMMENTS = YES;
				CLANG_WARN_EMPTY_BODY = YES;
				CLANG_WARN_ENUM_CONVERSION = YES;
				CLANG_WARN_INFINITE_RECURSION = YES;
				CLANG_WARN_INT_CONVERSION = YES;
				CLANG_WARN_NON_LITERAL_NULL_CONVERSION = YES;
				CLANG_WARN_OBJC_IMPLICIT_RETAIN_SELF = YES;
				CLANG_WARN_OBJC_LITERAL_CONVERSION = YES;
				CLANG_WARN_OBJC_ROOT_CLASS = YES_ERROR;
				CLANG_WARN_QUOTED_INCLUDE_IN_FRAMEWORK_HEADER = YES;
				CLANG_WARN_RANGE_LOOP_ANALYSIS = YES;
				CLANG_WARN_STRICT_PROTOTYPES = YES;
				CLANG_WARN_SUSPICIOUS_MOVE = YES;
				CLANG_WARN_UNGUARDED_AVAILABILITY = YES_AGGRESSIVE;
				CLANG_WARN_UNREACHABLE_CODE = YES;
				CLANG_WARN__DUPLICATE_METHOD_MATCH = YES;
				COPY_PHASE_STRIP = NO;
				DEBUG_INFORMATION_FORMAT = dwarf;
				ENABLE_STRICT_OBJC_MSGSEND = YES;
				ENABLE_TESTABILITY = YES;
				GCC_C_LANGUAGE_STANDARD = gnu11;
				GCC_DYNAMIC_NO_PIC = NO;
				GCC_NO_COMMON_BLOCKS = YES;
				GCC_OPTIMIZATION_LEVEL = 0;
				GCC_PREPROCESSOR_DEFINITIONS = (
					"DEBUG=1",
					"$(inherited)",
				);
				GCC_WARN_64_TO_32_BIT_CONVERSION = YES;
				GCC_WARN_ABOUT_RETURN_TYPE = YES_ERROR;
				GCC_WARN_UNDECLARED_SELECTOR = YES;
				GCC_WARN_UNINITIALIZED_AUTOS = YES_AGGRESSIVE;
				GCC_WARN_UNUSED_FUNCTION = YES;
				GCC_WARN_UNUSED_VARIABLE = YES;
				IPHONEOS_DEPLOYMENT_TARGET = 11.0;
				MTL_ENABLE_DEBUG_INFO = INCLUDE_SOURCE;
				MTL_FAST_MATH = YES;
				ONLY_ACTIVE_ARCH = YES;
				SDKROOT = iphoneos;
			};
			name = Debug;
		};
		2B69FD0929FA4F8C00E475C1 /* Release */ = {
			isa = XCBuildConfiguration;
			buildSettings = {
				ALWAYS_SEARCH_USER_PATHS = NO;
				CLANG_ANALYZER_LOCALIZABILITY_NONLOCALIZED = YES;
				CLANG_ANALYZER_NONNULL = YES;
				CLANG_ANALYZER_NUMBER_OBJECT_CONVERSION = YES_AGGRESSIVE;
				CLANG_CXX_LANGUAGE_STANDARD = "gnu++20";
				CLANG_ENABLE_MODULES = YES;
				CLANG_ENABLE_OBJC_ARC = YES;
				CLANG_ENABLE_OBJC_WEAK = YES;
				CLANG_WARN_BLOCK_CAPTURE_AUTORELEASING = YES;
				CLANG_WARN_BOOL_CONVERSION = YES;
				CLANG_WARN_COMMA = YES;
				CLANG_WARN_CONSTANT_CONVERSION = YES;
				CLANG_WARN_DEPRECATED_OBJC_IMPLEMENTATIONS = YES;
				CLANG_WARN_DIRECT_OBJC_ISA_USAGE = YES_ERROR;
				CLANG_WARN_DOCUMENTATION_COMMENTS = YES;
				CLANG_WARN_EMPTY_BODY = YES;
				CLANG_WARN_ENUM_CONVERSION = YES;
				CLANG_WARN_INFINITE_RECURSION = YES;
				CLANG_WARN_INT_CONVERSION = YES;
				CLANG_WARN_NON_LITERAL_NULL_CONVERSION = YES;
				CLANG_WARN_OBJC_IMPLICIT_RETAIN_SELF = YES;
				CLANG_WARN_OBJC_LITERAL_CONVERSION = YES;
				CLANG_WARN_OBJC_ROOT_CLASS = YES_ERROR;
				CLANG_WARN_QUOTED_INCLUDE_IN_FRAMEWORK_HEADER = YES;
				CLANG_WARN_RANGE_LOOP_ANALYSIS = YES;
				CLANG_WARN_STRICT_PROTOTYPES = YES;
				CLANG_WARN_SUSPICIOUS_MOVE = YES;
				CLANG_WARN_UNGUARDED_AVAILABILITY = YES_AGGRESSIVE;
				CLANG_WARN_UNREACHABLE_CODE = YES;
				CLANG_WARN__DUPLICATE_METHOD_MATCH = YES;
				COPY_PHASE_STRIP = NO;
				DEBUG_INFORMATION_FORMAT = "dwarf-with-dsym";
				ENABLE_NS_ASSERTIONS = NO;
				ENABLE_STRICT_OBJC_MSGSEND = YES;
				GCC_C_LANGUAGE_STANDARD = gnu11;
				GCC_NO_COMMON_BLOCKS = YES;
				GCC_WARN_64_TO_32_BIT_CONVERSION = YES;
				GCC_WARN_ABOUT_RETURN_TYPE = YES_ERROR;
				GCC_WARN_UNDECLARED_SELECTOR = YES;
				GCC_WARN_UNINITIALIZED_AUTOS = YES_AGGRESSIVE;
				GCC_WARN_UNUSED_FUNCTION = YES;
				GCC_WARN_UNUSED_VARIABLE = YES;
				IPHONEOS_DEPLOYMENT_TARGET = 11.0;
				MTL_ENABLE_DEBUG_INFO = NO;
				MTL_FAST_MATH = YES;
				SDKROOT = iphoneos;
				VALIDATE_PRODUCT = YES;
			};
			name = Release;
		};
		2B69FD0B29FA4F8C00E475C1 /* Debug */ = {
			isa = XCBuildConfiguration;
			baseConfigurationReference = 21E5C68B9288587D63B5AF7E /* Pods-VideoOne.debug.xcconfig */;
			buildSettings = {
				ASSETCATALOG_COMPILER_APPICON_NAME = AppIcon;
				ASSETCATALOG_COMPILER_GLOBAL_ACCENT_COLOR_NAME = AccentColor;
				"CODE_SIGN_IDENTITY[sdk=iphoneos*]" = "iPhone Developer";
				CODE_SIGN_STYLE = Manual;
				CURRENT_PROJECT_VERSION = 1;
				DEVELOPMENT_TEAM = "$(inherited)";
				"DEVELOPMENT_TEAM[sdk=iphoneos*]" = "$(inherited)";
				GENERATE_INFOPLIST_FILE = NO;
				INFOPLIST_FILE = VideoOne/Info.plist;
				IPHONEOS_DEPLOYMENT_TARGET = 14.0;
				LD_RUNPATH_SEARCH_PATHS = (
					"$(inherited)",
					"@executable_path/Frameworks",
				);
				MARKETING_VERSION = 1.0.0;
				PRODUCT_BUNDLE_IDENTIFIER = com.byteplus.videoone.ios;
				PRODUCT_NAME = "$(TARGET_NAME)";
				PROVISIONING_PROFILE_SPECIFIER = "$(inherited)";
				"PROVISIONING_PROFILE_SPECIFIER[sdk=iphoneos*]" = "$(inherited)";
				SWIFT_EMIT_LOC_STRINGS = YES;
				TARGETED_DEVICE_FAMILY = "1,2";
			};
			name = Debug;
		};
		2B69FD0C29FA4F8C00E475C1 /* Release */ = {
			isa = XCBuildConfiguration;
			baseConfigurationReference = B760A432774BEA19A6D54419 /* Pods-VideoOne.release.xcconfig */;
			buildSettings = {
				ASSETCATALOG_COMPILER_APPICON_NAME = AppIcon;
				ASSETCATALOG_COMPILER_GLOBAL_ACCENT_COLOR_NAME = AccentColor;
				"CODE_SIGN_IDENTITY[sdk=iphoneos*]" = "iPhone Distribution";
				CODE_SIGN_STYLE = Manual;
				CURRENT_PROJECT_VERSION = 1;
				DEVELOPMENT_TEAM = "";
				"DEVELOPMENT_TEAM[sdk=iphoneos*]" = L5HCL383AF;
				GENERATE_INFOPLIST_FILE = NO;
				INFOPLIST_FILE = VideoOne/Info.plist;
				IPHONEOS_DEPLOYMENT_TARGET = 14.0;
				LD_RUNPATH_SEARCH_PATHS = (
					"$(inherited)",
					"@executable_path/Frameworks",
				);
				MARKETING_VERSION = 1.0.0;
				PRODUCT_BUNDLE_IDENTIFIER = com.byteplus.videoone.ios;
				PRODUCT_NAME = "$(TARGET_NAME)";
				PROVISIONING_PROFILE_SPECIFIER = "";
				"PROVISIONING_PROFILE_SPECIFIER[sdk=iphoneos*]" = "BytePlus VideoOne AppStore 2023/08/16";
				SWIFT_EMIT_LOC_STRINGS = YES;
				TARGETED_DEVICE_FAMILY = "1,2";
			};
			name = Release;
		};
/* End XCBuildConfiguration section */

/* Begin XCConfigurationList section */
		2B69FCEC29FA4F8A00E475C1 /* Build configuration list for PBXProject "VideoOne" */ = {
			isa = XCConfigurationList;
			buildConfigurations = (
				2B69FD0829FA4F8C00E475C1 /* Debug */,
				2B69FD0929FA4F8C00E475C1 /* Release */,
				2B5684DA2A08A9D300FC16E9 /* InHouse */,
			);
			defaultConfigurationIsVisible = 0;
			defaultConfigurationName = InHouse;
		};
		2B69FD0A29FA4F8C00E475C1 /* Build configuration list for PBXNativeTarget "VideoOne" */ = {
			isa = XCConfigurationList;
			buildConfigurations = (
				2B69FD0B29FA4F8C00E475C1 /* Debug */,
				2B69FD0C29FA4F8C00E475C1 /* Release */,
				2B5684DB2A08A9D300FC16E9 /* InHouse */,
			);
			defaultConfigurationIsVisible = 0;
			defaultConfigurationName = InHouse;
		};
/* End XCConfigurationList section */
	};
	rootObject = 2B69FCE929FA4F8A00E475C1 /* Project object */;
}
